# Run ./gradlew --write-locks to regenerate this file
com.carrotsearch.progresso:progresso:1.7.4 (3 constraints: 44306518)
com.carrotsearch.progresso:progresso-consolewidth-unixish:1.7.4 (1 constraints: 0e050936)
com.carrotsearch.progresso:progresso-log4j2:1.7.4 (1 constraints: 0e050936)
org.apache.logging.log4j:log4j-api:2.15.0 (2 constraints: f71fed82)
org.apache.logging.log4j:log4j-core:2.15.0 (3 constraints: 2229d96e)
org.apache.logging.log4j:log4j-slf4j18-impl:2.15.0 (1 constraints: 3a053e3b)
org.slf4j:slf4j-api:1.8.0-beta4 (3 constraints: fa322259)
